// !$*UTF8*$!
{
	archiveVersion = 1;
	classes = {
	};
	objectVersion = 46;
	objects = {

/* Begin PBXBuildFile section */
		9DB59EEA19D06F5E00E59391 /* PKTExtensionHostAppHelper.m in Sources */ = {isa = PBXBuildFile; fileRef = 9DBC465B19C660AB001FEEBF /* PKTExtensionHostAppHelper.m */; };
		9DBC463619C66000001FEEBF /* main.m in Sources */ = {isa = PBXBuildFile; fileRef = 9DBC463519C66000001FEEBF /* main.m */; };
		9DBC463919C66000001FEEBF /* AppDelegate.m in Sources */ = {isa = PBXBuildFile; fileRef = 9DBC463819C66000001FEEBF /* AppDelegate.m */; };
		9DBC463C19C66000001FEEBF /* ViewController.m in Sources */ = {isa = PBXBuildFile; fileRef = 9DBC463B19C66000001FEEBF /* ViewController.m */; };
		9DBC463F19C66000001FEEBF /* Main.storyboard in Resources */ = {isa = PBXBuildFile; fileRef = 9DBC463D19C66000001FEEBF /* Main.storyboard */; };
		9DBC464119C66000001FEEBF /* Images.xcassets in Resources */ = {isa = PBXBuildFile; fileRef = 9DBC464019C66000001FEEBF /* Images.xcassets */; };
		9DBC464419C66000001FEEBF /* LaunchScreen.xib in Resources */ = {isa = PBXBuildFile; fileRef = 9DBC464219C66000001FEEBF /* LaunchScreen.xib */; };
		9DBC465019C66000001FEEBF /* PKTExtensionHostAppHelperSampleTests.m in Sources */ = {isa = PBXBuildFile; fileRef = 9DBC464F19C66000001FEEBF /* PKTExtensionHostAppHelperSampleTests.m */; };
		9DBC465C19C660AB001FEEBF /* PKTExtensionHostAppHelper.m in Sources */ = {isa = PBXBuildFile; fileRef = 9DBC465B19C660AB001FEEBF /* PKTExtensionHostAppHelper.m */; };
/* End PBXBuildFile section */

/* Begin PBXContainerItemProxy section */
		9DBC464A19C66000001FEEBF /* PBXContainerItemProxy */ = {
			isa = PBXContainerItemProxy;
			containerPortal = 9DBC462819C66000001FEEBF /* Project object */;
			proxyType = 1;
			remoteGlobalIDString = 9DBC462F19C66000001FEEBF;
			remoteInfo = PKTExtensionHostAppHelperSample;
		};
/* End PBXContainerItemProxy section */

/* Begin PBXFileReference section */
		9DBC463019C66000001FEEBF /* PKTExtensionHostAppHelperSample.app */ = {isa = PBXFileReference; explicitFileType = wrapper.application; includeInIndex = 0; path = PKTExtensionHostAppHelperSample.app; sourceTree = BUILT_PRODUCTS_DIR; };
		9DBC463419C66000001FEEBF /* Info.plist */ = {isa = PBXFileReference; lastKnownFileType = text.plist.xml; path = Info.plist; sourceTree = "<group>"; };
		9DBC463519C66000001FEEBF /* main.m */ = {isa = PBXFileReference; lastKnownFileType = sourcecode.c.objc; path = main.m; sourceTree = "<group>"; };
		9DBC463719C66000001FEEBF /* AppDelegate.h */ = {isa = PBXFileReference; lastKnownFileType = sourcecode.c.h; path = AppDelegate.h; sourceTree = "<group>"; };
		9DBC463819C66000001FEEBF /* AppDelegate.m */ = {isa = PBXFileReference; lastKnownFileType = sourcecode.c.objc; path = AppDelegate.m; sourceTree = "<group>"; };
		9DBC463A19C66000001FEEBF /* ViewController.h */ = {isa = PBXFileReference; lastKnownFileType = sourcecode.c.h; path = ViewController.h; sourceTree = "<group>"; };
		9DBC463B19C66000001FEEBF /* ViewController.m */ = {isa = PBXFileReference; lastKnownFileType = sourcecode.c.objc; path = ViewController.m; sourceTree = "<group>"; };
		9DBC463E19C66000001FEEBF /* Base */ = {isa = PBXFileReference; lastKnownFileType = file.storyboard; name = Base; path = Base.lproj/Main.storyboard; sourceTree = "<group>"; };
		9DBC464019C66000001FEEBF /* Images.xcassets */ = {isa = PBXFileReference; lastKnownFileType = folder.assetcatalog; path = Images.xcassets; sourceTree = "<group>"; };
		9DBC464319C66000001FEEBF /* Base */ = {isa = PBXFileReference; lastKnownFileType = file.xib; name = Base; path = Base.lproj/LaunchScreen.xib; sourceTree = "<group>"; };
		9DBC464919C66000001FEEBF /* PKTExtensionHostAppHelperSampleTests.xctest */ = {isa = PBXFileReference; explicitFileType = wrapper.cfbundle; includeInIndex = 0; path = PKTExtensionHostAppHelperSampleTests.xctest; sourceTree = BUILT_PRODUCTS_DIR; };
		9DBC464E19C66000001FEEBF /* Info.plist */ = {isa = PBXFileReference; lastKnownFileType = text.plist.xml; path = Info.plist; sourceTree = "<group>"; };
		9DBC464F19C66000001FEEBF /* PKTExtensionHostAppHelperSampleTests.m */ = {isa = PBXFileReference; lastKnownFileType = sourcecode.c.objc; path = PKTExtensionHostAppHelperSampleTests.m; sourceTree = "<group>"; };
		9DBC465A19C660AB001FEEBF /* PKTExtensionHostAppHelper.h */ = {isa = PBXFileReference; fileEncoding = 4; lastKnownFileType = sourcecode.c.h; path = PKTExtensionHostAppHelper.h; sourceTree = "<group>"; };
		9DBC465B19C660AB001FEEBF /* PKTExtensionHostAppHelper.m */ = {isa = PBXFileReference; fileEncoding = 4; lastKnownFileType = sourcecode.c.objc; path = PKTExtensionHostAppHelper.m; sourceTree = "<group>"; };
/* End PBXFileReference section */

/* Begin PBXFrameworksBuildPhase section */
		9DBC462D19C66000001FEEBF /* Frameworks */ = {
			isa = PBXFrameworksBuildPhase;
			buildActionMask = 2147483647;
			files = (
			);
			runOnlyForDeploymentPostprocessing = 0;
		};
		9DBC464619C66000001FEEBF /* Frameworks */ = {
			isa = PBXFrameworksBuildPhase;
			buildActionMask = 2147483647;
			files = (
			);
			runOnlyForDeploymentPostprocessing = 0;
		};
/* End PBXFrameworksBuildPhase section */

/* Begin PBXGroup section */
		9DBC462719C66000001FEEBF = {
			isa = PBXGroup;
			children = (
				9DBC463219C66000001FEEBF /* PKTExtensionHostAppHelperSample */,
				9DBC464C19C66000001FEEBF /* PKTExtensionHostAppHelperSampleTests */,
				9DBC463119C66000001FEEBF /* Products */,
			);
			sourceTree = "<group>";
		};
		9DBC463119C66000001FEEBF /* Products */ = {
			isa = PBXGroup;
			children = (
				9DBC463019C66000001FEEBF /* PKTExtensionHostAppHelperSample.app */,
				9DBC464919C66000001FEEBF /* PKTExtensionHostAppHelperSampleTests.xctest */,
			);
			name = Products;
			sourceTree = "<group>";
		};
		9DBC463219C66000001FEEBF /* PKTExtensionHostAppHelperSample */ = {
			isa = PBXGroup;
			children = (
				9DBC465919C660AB001FEEBF /* PKTExtensionHostAppHelper */,
				9DBC463719C66000001FEEBF /* AppDelegate.h */,
				9DBC463819C66000001FEEBF /* AppDelegate.m */,
				9DBC463A19C66000001FEEBF /* ViewController.h */,
				9DBC463B19C66000001FEEBF /* ViewController.m */,
				9DBC463D19C66000001FEEBF /* Main.storyboard */,
				9DBC464019C66000001FEEBF /* Images.xcassets */,
				9DBC464219C66000001FEEBF /* LaunchScreen.xib */,
				9DBC463319C66000001FEEBF /* Supporting Files */,
			);
			path = PKTExtensionHostAppHelperSample;
			sourceTree = "<group>";
		};
		9DBC463319C66000001FEEBF /* Supporting Files */ = {
			isa = PBXGroup;
			children = (
				9DBC463419C66000001FEEBF /* Info.plist */,
				9DBC463519C66000001FEEBF /* main.m */,
			);
			name = "Supporting Files";
			sourceTree = "<group>";
		};
		9DBC464C19C66000001FEEBF /* PKTExtensionHostAppHelperSampleTests */ = {
			isa = PBXGroup;
			children = (
				9DBC464F19C66000001FEEBF /* PKTExtensionHostAppHelperSampleTests.m */,
				9DBC464D19C66000001FEEBF /* Supporting Files */,
			);
			path = PKTExtensionHostAppHelperSampleTests;
			sourceTree = "<group>";
		};
		9DBC464D19C66000001FEEBF /* Supporting Files */ = {
			isa = PBXGroup;
			children = (
				9DBC464E19C66000001FEEBF /* Info.plist */,
			);
			name = "Supporting Files";
			sourceTree = "<group>";
		};
		9DBC465919C660AB001FEEBF /* PKTExtensionHostAppHelper */ = {
			isa = PBXGroup;
			children = (
				9DBC465A19C660AB001FEEBF /* PKTExtensionHostAppHelper.h */,
				9DBC465B19C660AB001FEEBF /* PKTExtensionHostAppHelper.m */,
			);
			name = PKTExtensionHostAppHelper;
			path = ../../PKTExtensionHostAppHelper;
			sourceTree = "<group>";
		};
/* End PBXGroup section */

/* Begin PBXNativeTarget section */
		9DBC462F19C66000001FEEBF /* PKTExtensionHostAppHelperSample */ = {
			isa = PBXNativeTarget;
			buildConfigurationList = 9DBC465319C66000001FEEBF /* Build configuration list for PBXNativeTarget "PKTExtensionHostAppHelperSample" */;
			buildPhases = (
				9DBC462C19C66000001FEEBF /* Sources */,
				9DBC462D19C66000001FEEBF /* Frameworks */,
				9DBC462E19C66000001FEEBF /* Resources */,
			);
			buildRules = (
			);
			dependencies = (
			);
			name = PKTExtensionHostAppHelperSample;
			productName = PKTExtensionHostAppHelperSample;
			productReference = 9DBC463019C66000001FEEBF /* PKTExtensionHostAppHelperSample.app */;
			productType = "com.apple.product-type.application";
		};
		9DBC464819C66000001FEEBF /* PKTExtensionHostAppHelperSampleTests */ = {
			isa = PBXNativeTarget;
			buildConfigurationList = 9DBC465619C66000001FEEBF /* Build configuration list for PBXNativeTarget "PKTExtensionHostAppHelperSampleTests" */;
			buildPhases = (
				9DBC464519C66000001FEEBF /* Sources */,
				9DBC464619C66000001FEEBF /* Frameworks */,
				9DBC464719C66000001FEEBF /* Resources */,
			);
			buildRules = (
			);
			dependencies = (
				9DBC464B19C66000001FEEBF /* PBXTargetDependency */,
			);
			name = PKTExtensionHostAppHelperSampleTests;
			productName = PKTExtensionHostAppHelperSampleTests;
			productReference = 9DBC464919C66000001FEEBF /* PKTExtensionHostAppHelperSampleTests.xctest */;
			productType = "com.apple.product-type.bundle.unit-test";
		};
/* End PBXNativeTarget section */

/* Begin PBXProject section */
		9DBC462819C66000001FEEBF /* Project object */ = {
			isa = PBXProject;
			attributes = {
				LastUpgradeCheck = 0600;
				ORGANIZATIONNAME = "Read It Later Inc.";
				TargetAttributes = {
					9DBC462F19C66000001FEEBF = {
						CreatedOnToolsVersion = 6.0;
					};
					9DBC464819C66000001FEEBF = {
						CreatedOnToolsVersion = 6.0;
						TestTargetID = 9DBC462F19C66000001FEEBF;
					};
				};
			};
			buildConfigurationList = 9DBC462B19C66000001FEEBF /* Build configuration list for PBXProject "PKTExtensionHostAppHelperSample" */;
			compatibilityVersion = "Xcode 3.2";
			developmentRegion = English;
			hasScannedForEncodings = 0;
			knownRegions = (
				en,
				Base,
			);
			mainGroup = 9DBC462719C66000001FEEBF;
			productRefGroup = 9DBC463119C66000001FEEBF /* Products */;
			projectDirPath = "";
			projectRoot = "";
			targets = (
				9DBC462F19C66000001FEEBF /* PKTExtensionHostAppHelperSample */,
				9DBC464819C66000001FEEBF /* PKTExtensionHostAppHelperSampleTests */,
			);
		};
/* End PBXProject section */

/* Begin PBXResourcesBuildPhase section */
		9DBC462E19C66000001FEEBF /* Resources */ = {
			isa = PBXResourcesBuildPhase;
			buildActionMask = 2147483647;
			files = (
				9DBC463F19C66000001FEEBF /* Main.storyboard in Resources */,
				9DBC464419C66000001FEEBF /* LaunchScreen.xib in Resources */,
				9DBC464119C66000001FEEBF /* Images.xcassets in Resources */,
			);
			runOnlyForDeploymentPostprocessing = 0;
		};
		9DBC464719C66000001FEEBF /* Resources */ = {
			isa = PBXResourcesBuildPhase;
			buildActionMask = 2147483647;
			files = (
			);
			runOnlyForDeploymentPostprocessing = 0;
		};
/* End PBXResourcesBuildPhase section */

/* Begin PBXSourcesBuildPhase section */
		9DBC462C19C66000001FEEBF /* Sources */ = {
			isa = PBXSourcesBuildPhase;
			buildActionMask = 2147483647;
			files = (
				9DBC463C19C66000001FEEBF /* ViewController.m in Sources */,
				9DBC465C19C660AB001FEEBF /* PKTExtensionHostAppHelper.m in Sources */,
				9DBC463919C66000001FEEBF /* AppDelegate.m in Sources */,
				9DBC463619C66000001FEEBF /* main.m in Sources */,
			);
			runOnlyForDeploymentPostprocessing = 0;
		};
		9DBC464519C66000001FEEBF /* Sources */ = {
			isa = PBXSourcesBuildPhase;
			buildActionMask = 2147483647;
			files = (
				9DB59EEA19D06F5E00E59391 /* PKTExtensionHostAppHelper.m in Sources */,
				9DBC465019C66000001FEEBF /* PKTExtensionHostAppHelperSampleTests.m in Sources */,
			);
			runOnlyForDeploymentPostprocessing = 0;
		};
/* End PBXSourcesBuildPhase section */

/* Begin PBXTargetDependency section */
		9DBC464B19C66000001FEEBF /* PBXTargetDependency */ = {
			isa = PBXTargetDependency;
			target = 9DBC462F19C66000001FEEBF /* PKTExtensionHostAppHelperSample */;
			targetProxy = 9DBC464A19C66000001FEEBF /* PBXContainerItemProxy */;
		};
/* End PBXTargetDependency section */

/* Begin PBXVariantGroup section */
		9DBC463D19C66000001FEEBF /* Main.storyboard */ = {
			isa = PBXVariantGroup;
			children = (
				9DBC463E19C66000001FEEBF /* Base */,
			);
			name = Main.storyboard;
			sourceTree = "<group>";
		};
		9DBC464219C66000001FEEBF /* LaunchScreen.xib */ = {
			isa = PBXVariantGroup;
			children = (
				9DBC464319C66000001FEEBF /* Base */,
			);
			name = LaunchScreen.xib;
			sourceTree = "<group>";
		};
/* End PBXVariantGroup section */

/* Begin XCBuildConfiguration section */
		9DBC465119C66000001FEEBF /* Debug */ = {
			isa = XCBuildConfiguration;
			buildSettings = {
				ALWAYS_SEARCH_USER_PATHS = NO;
				CLANG_CXX_LANGUAGE_STANDARD = "gnu++0x";
				CLANG_CXX_LIBRARY = "libc++";
				CLANG_ENABLE_MODULES = YES;
				CLANG_ENABLE_OBJC_ARC = YES;
				CLANG_WARN_BOOL_CONVERSION = YES;
				CLANG_WARN_CONSTANT_CONVERSION = YES;
				CLANG_WARN_DIRECT_OBJC_ISA_USAGE = YES_ERROR;
				CLANG_WARN_EMPTY_BODY = YES;
				CLANG_WARN_ENUM_CONVERSION = YES;
				CLANG_WARN_INT_CONVERSION = YES;
				CLANG_WARN_OBJC_ROOT_CLASS = YES_ERROR;
				CLANG_WARN_UNREACHABLE_CODE = YES;
				CLANG_WARN__DUPLICATE_METHOD_MATCH = YES;
				"CODE_SIGN_IDENTITY[sdk=iphoneos*]" = "iPhone Developer";
				COPY_PHASE_STRIP = NO;
				ENABLE_STRICT_OBJC_MSGSEND = YES;
				GCC_C_LANGUAGE_STANDARD = gnu99;
				GCC_DYNAMIC_NO_PIC = NO;
				GCC_OPTIMIZATION_LEVEL = 0;
				GCC_PREPROCESSOR_DEFINITIONS = (
					"DEBUG=1",
					"$(inherited)",
				);
				GCC_SYMBOLS_PRIVATE_EXTERN = NO;
				GCC_WARN_64_TO_32_BIT_CONVERSION = YES;
				GCC_WARN_ABOUT_RETURN_TYPE = YES_ERROR;
				GCC_WARN_UNDECLARED_SELECTOR = YES;
				GCC_WARN_UNINITIALIZED_AUTOS = YES_AGGRESSIVE;
				GCC_WARN_UNUSED_FUNCTION = YES;
				GCC_WARN_UNUSED_VARIABLE = YES;
				IPHONEOS_DEPLOYMENT_TARGET = 8.0;
				MTL_ENABLE_DEBUG_INFO = YES;
				ONLY_ACTIVE_ARCH = YES;
				SDKROOT = iphoneos;
				TARGETED_DEVICE_FAMILY = "1,2";
			};
			name = Debug;
		};
		9DBC465219C66000001FEEBF /* Release */ = {
			isa = XCBuildConfiguration;
			buildSettings = {
				ALWAYS_SEARCH_USER_PATHS = NO;
				CLANG_CXX_LANGUAGE_STANDARD = "gnu++0x";
				CLANG_CXX_LIBRARY = "libc++";
				CLANG_ENABLE_MODULES = YES;
				CLANG_ENABLE_OBJC_ARC = YES;
				CLANG_WARN_BOOL_CONVERSION = YES;
				CLANG_WARN_CONSTANT_CONVERSION = YES;
				CLANG_WARN_DIRECT_OBJC_ISA_USAGE = YES_ERROR;
				CLANG_WARN_EMPTY_BODY = YES;
				CLANG_WARN_ENUM_CONVERSION = YES;
				CLANG_WARN_INT_CONVERSION = YES;
				CLANG_WARN_OBJC_ROOT_CLASS = YES_ERROR;
				CLANG_WARN_UNREACHABLE_CODE = YES;
				CLANG_WARN__DUPLICATE_METHOD_MATCH = YES;
				"CODE_SIGN_IDENTITY[sdk=iphoneos*]" = "iPhone Developer";
				COPY_PHASE_STRIP = YES;
				ENABLE_NS_ASSERTIONS = NO;
				ENABLE_STRICT_OBJC_MSGSEND = YES;
				GCC_C_LANGUAGE_STANDARD = gnu99;
				GCC_WARN_64_TO_32_BIT_CONVERSION = YES;
				GCC_WARN_ABOUT_RETURN_TYPE = YES_ERROR;
				GCC_WARN_UNDECLARED_SELECTOR = YES;
				GCC_WARN_UNINITIALIZED_AUTOS = YES_AGGRESSIVE;
				GCC_WARN_UNUSED_FUNCTION = YES;
				GCC_WARN_UNUSED_VARIABLE = YES;
				IPHONEOS_DEPLOYMENT_TARGET = 8.0;
				MTL_ENABLE_DEBUG_INFO = NO;
				SDKROOT = iphoneos;
				TARGETED_DEVICE_FAMILY = "1,2";
				VALIDATE_PRODUCT = YES;
			};
			name = Release;
		};
		9DBC465419C66000001FEEBF /* Debug */ = {
			isa = XCBuildConfiguration;
			buildSettings = {
				ASSETCATALOG_COMPILER_APPICON_NAME = AppIcon;
				INFOPLIST_FILE = PKTExtensionHostAppHelperSample/Info.plist;
				LD_RUNPATH_SEARCH_PATHS = "$(inherited) @executable_path/Frameworks";
				PRODUCT_NAME = "$(TARGET_NAME)";
			};
			name = Debug;
		};
		9DBC465519C66000001FEEBF /* Release */ = {
			isa = XCBuildConfiguration;
			buildSettings = {
				ASSETCATALOG_COMPILER_APPICON_NAME = AppIcon;
				INFOPLIST_FILE = PKTExtensionHostAppHelperSample/Info.plist;
				LD_RUNPATH_SEARCH_PATHS = "$(inherited) @executable_path/Frameworks";
				PRODUCT_NAME = "$(TARGET_NAME)";
			};
			name = Release;
		};
		9DBC465719C66000001FEEBF /* Debug */ = {
			isa = XCBuildConfiguration;
			buildSettings = {
				BUNDLE_LOADER = "$(TEST_HOST)";
				FRAMEWORK_SEARCH_PATHS = (
					"$(SDKROOT)/Developer/Library/Frameworks",
					"$(inherited)",
				);
				GCC_PREPROCESSOR_DEFINITIONS = (
					"DEBUG=1",
					"$(inherited)",
				);
				INFOPLIST_FILE = PKTExtensionHostAppHelperSampleTests/Info.plist;
				LD_RUNPATH_SEARCH_PATHS = "$(inherited) @executable_path/Frameworks @loader_path/Frameworks";
				PRODUCT_NAME = "$(TARGET_NAME)";
				TEST_HOST = "$(BUILT_PRODUCTS_DIR)/PKTExtensionHostAppHelperSample.app/PKTExtensionHostAppHelperSample";
			};
			name = Debug;
		};
		9DBC465819C66000001FEEBF /* Release */ = {
			isa = XCBuildConfiguration;
			buildSettings = {
				BUNDLE_LOADER = "$(TEST_HOST)";
				FRAMEWORK_SEARCH_PATHS = (
					"$(SDKROOT)/Developer/Library/Frameworks",
					"$(inherited)",
				);
				INFOPLIST_FILE = PKTExtensionHostAppHelperSampleTests/Info.plist;
				LD_RUNPATH_SEARCH_PATHS = "$(inherited) @executable_path/Frameworks @loader_path/Frameworks";
				PRODUCT_NAME = "$(TARGET_NAME)";
				TEST_HOST = "$(BUILT_PRODUCTS_DIR)/PKTExtensionHostAppHelperSample.app/PKTExtensionHostAppHelperSample";
			};
			name = Release;
		};
/* End XCBuildConfiguration section */

/* Begin XCConfigurationList section */
		9DBC462B19C66000001FEEBF /* Build configuration list for PBXProject "PKTExtensionHostAppHelperSample" */ = {
			isa = XCConfigurationList;
			buildConfigurations = (
				9DBC465119C66000001FEEBF /* Debug */,
				9DBC465219C66000001FEEBF /* Release */,
			);
			defaultConfigurationIsVisible = 0;
			defaultConfigurationName = Release;
		};
		9DBC465319C66000001FEEBF /* Build configuration list for PBXNativeTarget "PKTExtensionHostAppHelperSample" */ = {
			isa = XCConfigurationList;
			buildConfigurations = (
				9DBC465419C66000001FEEBF /* Debug */,
				9DBC465519C66000001FEEBF /* Release */,
			);
			defaultConfigurationIsVisible = 0;
			defaultConfigurationName = Release;
		};
		9DBC465619C66000001FEEBF /* Build configuration list for PBXNativeTarget "PKTExtensionHostAppHelperSampleTests" */ = {
			isa = XCConfigurationList;
			buildConfigurations = (
				9DBC465719C66000001FEEBF /* Debug */,
				9DBC465819C66000001FEEBF /* Release */,
			);
			defaultConfigurationIsVisible = 0;
			defaultConfigurationName = Release;
		};
/* End XCConfigurationList section */
	};
	rootObject = 9DBC462819C66000001FEEBF /* Project object */;
}
